
Microsoft Visual Studio Solution File, Format Version 12.00
# Visual Studio Version 16
VisualStudioVersion = 16.0.29728.190
MinimumVisualStudioVersion = 10.0.40219.1
Project("{FAE04EC0-301F-11D3-BF4B-00C04F79EFBC}") = "greatestCommonDiviser", "greatestCommonDiviser\greatestCommonDiviser.csproj", "{F3C9374D-68BA-4D9D-9715-207F4DF55A5B}"
EndProject
Project("{FAE04EC0-301F-11D3-BF4B-00C04F79EFBC}") = "diviserTest", "diviserTest\diviserTest.csproj", "{D7601CAD-16AE-46C0-83C0-C0FBD229FED2}"
EndProject
Global
	GlobalSection(SolutionConfigurationPlatforms) = preSolution
		Debug|Any CPU = Debug|Any CPU
		Release|Any CPU = Release|Any CPU
	EndGlobalSection
	GlobalSection(ProjectConfigurationPlatforms) = postSolution
		{F3C9374D-68BA-4D9D-9715-207F4DF55A5B}.Debug|Any CPU.ActiveCfg = Debug|Any CPU
		{F3C9374D-68BA-4D9D-9715-207F4DF55A5B}.Debug|Any CPU.Build.0 = Debug|Any CPU
		{F3C9374D-68BA-4D9D-9715-207F4DF55A5B}.Release|Any CPU.ActiveCfg = Release|Any CPU
		{F3C9374D-68BA-4D9D-9715-207F4DF55A5B}.Release|Any CPU.Build.0 = Release|Any CPU
		{D7601CAD-16AE-46C0-83C0-C0FBD229FED2}.Debug|Any CPU.ActiveCfg = Debug|Any CPU
		{D7601CAD-16AE-46C0-83C0-C0FBD229FED2}.Debug|Any CPU.Build.0 = Debug|Any CPU
		{D7601CAD-16AE-46C0-83C0-C0FBD229FED2}.Release|Any CPU.ActiveCfg = Release|Any CPU
		{D7601CAD-16AE-46C0-83C0-C0FBD229FED2}.Release|Any CPU.Build.0 = Release|Any CPU
	EndGlobalSection
	GlobalSection(SolutionProperties) = preSolution
		HideSolutionNode = FALSE
	EndGlobalSection
	GlobalSection(ExtensibilityGlobals) = postSolution
		SolutionGuid = {E2582A51-25B0-43C3-A346-0B899C6EAE3C}
	EndGlobalSection
EndGlobal
